
Microsoft Visual Studio Solution File, Format Version 12.00
# Visual Studio Version 16
VisualStudioVersion = 16.0.30907.101
MinimumVisualStudioVersion = 10.0.40219.1
Project("{2150E333-8FDC-42A3-9474-1A3956D46DE8}") = "1.API", "1.API", "{14B920EC-52F7-44D7-81E4-C98F529E8D57}"
EndProject
Project("{9A19103F-16F7-4668-BE54-9A1E7A4F7556}") = "API", "API\API.csproj", "{885421D4-9B9A-4D85-8434-37EC3EEC2981}"
EndProject
Project("{2150E333-8FDC-42A3-9474-1A3956D46DE8}") = "2.Source", "2.Source", "{FD6BDDC9-145D-47FC-BC87-7BD905C78DDE}"
EndProject
Project("{9A19103F-16F7-4668-BE54-9A1E7A4F7556}") = "Services", "Service\Services.csproj", "{3CABAA6A-614F-4205-82F1-60B69C0994B8}"
EndProject
Project("{2150E333-8FDC-42A3-9474-1A3956D46DE8}") = "1.Services", "1.Services", "{37CAFC1B-24EB-47CB-A198-0025550B046C}"
EndProject
Project("{2150E333-8FDC-42A3-9474-1A3956D46DE8}") = "2.Repository", "2.Repository", "{1989B917-8CD1-4048-B2C3-5715AA624493}"
EndProject
Project("{2150E333-8FDC-42A3-9474-1A3956D46DE8}") = "3.Models", "3.Models", "{E84ACB02-DDD1-4DE3-9233-D67206A2CF15}"
EndProject
Project("{9A19103F-16F7-4668-BE54-9A1E7A4F7556}") = "Repository", "Repository\Repository.csproj", "{AF5F869C-2FD9-4136-8465-FEB5C8D02C73}"
EndProject
Project("{9A19103F-16F7-4668-BE54-9A1E7A4F7556}") = "Models", "Models\Models.csproj", "{9E60F082-019B-4AC7-B2AA-8DBD55F5AA9E}"
EndProject
Project("{2150E333-8FDC-42A3-9474-1A3956D46DE8}") = "4.Utility", "4.Utility", "{5E92D069-D13E-4A65-9001-F7C96D418905}"
EndProject
Project("{9A19103F-16F7-4668-BE54-9A1E7A4F7556}") = "Utility", "Utility\Utility.csproj", "{05EBFBE4-54C0-4B85-B2BD-D5A615B07BBF}"
EndProject
Global
	GlobalSection(SolutionConfigurationPlatforms) = preSolution
		Debug|Any CPU = Debug|Any CPU
		Release|Any CPU = Release|Any CPU
	EndGlobalSection
	GlobalSection(ProjectConfigurationPlatforms) = postSolution
		{885421D4-9B9A-4D85-8434-37EC3EEC2981}.Debug|Any CPU.ActiveCfg = Debug|Any CPU
		{885421D4-9B9A-4D85-8434-37EC3EEC2981}.Debug|Any CPU.Build.0 = Debug|Any CPU
		{885421D4-9B9A-4D85-8434-37EC3EEC2981}.Release|Any CPU.ActiveCfg = Release|Any CPU
		{885421D4-9B9A-4D85-8434-37EC3EEC2981}.Release|Any CPU.Build.0 = Release|Any CPU
		{3CABAA6A-614F-4205-82F1-60B69C0994B8}.Debug|Any CPU.ActiveCfg = Debug|Any CPU
		{3CABAA6A-614F-4205-82F1-60B69C0994B8}.Debug|Any CPU.Build.0 = Debug|Any CPU
		{3CABAA6A-614F-4205-82F1-60B69C0994B8}.Release|Any CPU.ActiveCfg = Release|Any CPU
		{3CABAA6A-614F-4205-82F1-60B69C0994B8}.Release|Any CPU.Build.0 = Release|Any CPU
		{AF5F869C-2FD9-4136-8465-FEB5C8D02C73}.Debug|Any CPU.ActiveCfg = Debug|Any CPU
		{AF5F869C-2FD9-4136-8465-FEB5C8D02C73}.Debug|Any CPU.Build.0 = Debug|Any CPU
		{AF5F869C-2FD9-4136-8465-FEB5C8D02C73}.Release|Any CPU.ActiveCfg = Release|Any CPU
		{AF5F869C-2FD9-4136-8465-FEB5C8D02C73}.Release|Any CPU.Build.0 = Release|Any CPU
		{9E60F082-019B-4AC7-B2AA-8DBD55F5AA9E}.Debug|Any CPU.ActiveCfg = Debug|Any CPU
		{9E60F082-019B-4AC7-B2AA-8DBD55F5AA9E}.Debug|Any CPU.Build.0 = Debug|Any CPU
		{9E60F082-019B-4AC7-B2AA-8DBD55F5AA9E}.Release|Any CPU.ActiveCfg = Release|Any CPU
		{9E60F082-019B-4AC7-B2AA-8DBD55F5AA9E}.Release|Any CPU.Build.0 = Release|Any CPU
		{05EBFBE4-54C0-4B85-B2BD-D5A615B07BBF}.Debug|Any CPU.ActiveCfg = Debug|Any CPU
		{05EBFBE4-54C0-4B85-B2BD-D5A615B07BBF}.Debug|Any CPU.Build.0 = Debug|Any CPU
		{05EBFBE4-54C0-4B85-B2BD-D5A615B07BBF}.Release|Any CPU.ActiveCfg = Release|Any CPU
		{05EBFBE4-54C0-4B85-B2BD-D5A615B07BBF}.Release|Any CPU.Build.0 = Release|Any CPU
	EndGlobalSection
	GlobalSection(SolutionProperties) = preSolution
		HideSolutionNode = FALSE
	EndGlobalSection
	GlobalSection(NestedProjects) = preSolution
		{885421D4-9B9A-4D85-8434-37EC3EEC2981} = {14B920EC-52F7-44D7-81E4-C98F529E8D57}
		{3CABAA6A-614F-4205-82F1-60B69C0994B8} = {37CAFC1B-24EB-47CB-A198-0025550B046C}
		{37CAFC1B-24EB-47CB-A198-0025550B046C} = {FD6BDDC9-145D-47FC-BC87-7BD905C78DDE}
		{1989B917-8CD1-4048-B2C3-5715AA624493} = {FD6BDDC9-145D-47FC-BC87-7BD905C78DDE}
		{E84ACB02-DDD1-4DE3-9233-D67206A2CF15} = {FD6BDDC9-145D-47FC-BC87-7BD905C78DDE}
		{AF5F869C-2FD9-4136-8465-FEB5C8D02C73} = {1989B917-8CD1-4048-B2C3-5715AA624493}
		{9E60F082-019B-4AC7-B2AA-8DBD55F5AA9E} = {E84ACB02-DDD1-4DE3-9233-D67206A2CF15}
		{5E92D069-D13E-4A65-9001-F7C96D418905} = {FD6BDDC9-145D-47FC-BC87-7BD905C78DDE}
		{05EBFBE4-54C0-4B85-B2BD-D5A615B07BBF} = {5E92D069-D13E-4A65-9001-F7C96D418905}
	EndGlobalSection
	GlobalSection(ExtensibilityGlobals) = postSolution
		SolutionGuid = {33046456-0662-4F33-B701-C5D0EE83B478}
	EndGlobalSection
EndGlobal
